
Microsoft Visual Studio Solution File, Format Version 12.00
# Visual Studio Version 16
VisualStudioVersion = 16.0.31702.278
MinimumVisualStudioVersion = 10.0.40219.1
Project("{FAE04EC0-301F-11D3-BF4B-00C04F79EFBC}") = "AspWebApi1", "AspWebApi1\AspWebApi1.csproj", "{FEF595DE-4300-487B-8931-CDC9E7FE757D}"
EndProject
Global
	GlobalSection(SolutionConfigurationPlatforms) = preSolution
		Debug|Any CPU = Debug|Any CPU
		Release|Any CPU = Release|Any CPU
	EndGlobalSection
	GlobalSection(ProjectConfigurationPlatforms) = postSolution
		{FEF595DE-4300-487B-8931-CDC9E7FE757D}.Debug|Any CPU.ActiveCfg = Debug|Any CPU
		{FEF595DE-4300-487B-8931-CDC9E7FE757D}.Debug|Any CPU.Build.0 = Debug|Any CPU
		{FEF595DE-4300-487B-8931-CDC9E7FE757D}.Release|Any CPU.ActiveCfg = Release|Any CPU
		{FEF595DE-4300-487B-8931-CDC9E7FE757D}.Release|Any CPU.Build.0 = Release|Any CPU
	EndGlobalSection
	GlobalSection(SolutionProperties) = preSolution
		HideSolutionNode = FALSE
	EndGlobalSection
	GlobalSection(ExtensibilityGlobals) = postSolution
		SolutionGuid = {1A89081F-8C39-4D54-B7A9-2BBF434C5E00}
	EndGlobalSection
EndGlobal
